
Microsoft Visual Studio Solution File, Format Version 12.00
# Visual Studio Version 16
VisualStudioVersion = 16.0.31205.134
MinimumVisualStudioVersion = 10.0.40219.1
Project("{FAE04EC0-301F-11D3-BF4B-00C04F79EFBC}") = "Otus.DynamicProgramming", "Otus.DynamicProgramming\Otus.DynamicProgramming.csproj", "{B40C725A-C231-4915-80F7-F59B2AC52F14}"
EndProject
Global
	GlobalSection(SolutionConfigurationPlatforms) = preSolution
		Debug|Any CPU = Debug|Any CPU
		Release|Any CPU = Release|Any CPU
	EndGlobalSection
	GlobalSection(ProjectConfigurationPlatforms) = postSolution
		{B40C725A-C231-4915-80F7-F59B2AC52F14}.Debug|Any CPU.ActiveCfg = Debug|Any CPU
		{B40C725A-C231-4915-80F7-F59B2AC52F14}.Debug|Any CPU.Build.0 = Debug|Any CPU
		{B40C725A-C231-4915-80F7-F59B2AC52F14}.Release|Any CPU.ActiveCfg = Release|Any CPU
		{B40C725A-C231-4915-80F7-F59B2AC52F14}.Release|Any CPU.Build.0 = Release|Any CPU
	EndGlobalSection
	GlobalSection(SolutionProperties) = preSolution
		HideSolutionNode = FALSE
	EndGlobalSection
	GlobalSection(ExtensibilityGlobals) = postSolution
		SolutionGuid = {ECD8BC55-BF84-4B3C-B57C-79C5F434700C}
	EndGlobalSection
EndGlobal
